{
  "version": 4,
  "terraform_version": "1.0.11",
  "serial": 7,
  "lineage": "b0774926-de3b-1c49-df0d-f66ef62295f6",
  "outputs": {},
  "resources": [
    {
      "mode": "managed",
      "type": "ceph_rbd",
      "name": "ceph_rbd_test_1",
      "provider": "provider[\"localhost/chrisamti/ceph\"]",
      "instances": [
        {
          "schema_version": 0,
          "attributes": {
            "id": "test-pool-1/11cfc2c093e7e",
            "img_name": "terraform-created-1",
            "name_space": "",
            "pool_name": "test-pool-1",
            "size": 1073741824
          },
          "sensitive_attributes": [],
          "private": "bnVsbA=="
        }
      ]
    }
  ]
}
